
Microsoft Visual Studio Solution File, Format Version 12.00
# Visual Studio Version 16
VisualStudioVersion = 16.0.32413.511
MinimumVisualStudioVersion = 10.0.40219.1
Project("{D2ABAB84-BF74-430A-B69E-9DC6D40DDA17}") = "Assignment2-IT19091112", "Assignment2-IT19091112\Assignment2-IT19091112.dwproj", "{DB3B87E5-EC5B-4984-94F6-07B96A16F15C}"
EndProject
Global
	GlobalSection(SolutionConfigurationPlatforms) = preSolution
		Development|Default = Development|Default
	EndGlobalSection
	GlobalSection(ProjectConfigurationPlatforms) = postSolution
		{DB3B87E5-EC5B-4984-94F6-07B96A16F15C}.Development|Default.ActiveCfg = Development
		{DB3B87E5-EC5B-4984-94F6-07B96A16F15C}.Development|Default.Build.0 = Development
		{DB3B87E5-EC5B-4984-94F6-07B96A16F15C}.Development|Default.Deploy.0 = Development
	EndGlobalSection
	GlobalSection(SolutionProperties) = preSolution
		HideSolutionNode = FALSE
	EndGlobalSection
	GlobalSection(ExtensibilityGlobals) = postSolution
		SolutionGuid = {B5D00637-3E43-45C2-85E2-7E1344ED30C3}
	EndGlobalSection
EndGlobal
